
Microsoft Visual Studio Solution File, Format Version 12.00
# Visual Studio Version 16
VisualStudioVersion = 25.0.1700.0
MinimumVisualStudioVersion = 10.0.40219.1
Project("{FAE04EC0-301F-11D3-BF4B-00C04F79EFBC}") = "LiskovSubstitutionPrinciple", "LiskovSubstitutionPrinciple\LiskovSubstitutionPrinciple.csproj", "{A120602F-5D8E-431F-88C4-1304DFD62FAE}"
EndProject
Project("{FAE04EC0-301F-11D3-BF4B-00C04F79EFBC}") = "LSPLibrary", "LSPLibrary\LSPLibrary.csproj", "{463E5771-4A2B-4232-885D-8A774E23225D}"
EndProject
Global
	GlobalSection(SolutionConfigurationPlatforms) = preSolution
		Debug|Any CPU = Debug|Any CPU
		Release|Any CPU = Release|Any CPU
	EndGlobalSection
	GlobalSection(ProjectConfigurationPlatforms) = postSolution
		{A120602F-5D8E-431F-88C4-1304DFD62FAE}.Debug|Any CPU.ActiveCfg = Debug|Any CPU
		{A120602F-5D8E-431F-88C4-1304DFD62FAE}.Debug|Any CPU.Build.0 = Debug|Any CPU
		{A120602F-5D8E-431F-88C4-1304DFD62FAE}.Release|Any CPU.ActiveCfg = Release|Any CPU
		{A120602F-5D8E-431F-88C4-1304DFD62FAE}.Release|Any CPU.Build.0 = Release|Any CPU
		{463E5771-4A2B-4232-885D-8A774E23225D}.Debug|Any CPU.ActiveCfg = Debug|Any CPU
		{463E5771-4A2B-4232-885D-8A774E23225D}.Debug|Any CPU.Build.0 = Debug|Any CPU
		{463E5771-4A2B-4232-885D-8A774E23225D}.Release|Any CPU.ActiveCfg = Release|Any CPU
		{463E5771-4A2B-4232-885D-8A774E23225D}.Release|Any CPU.Build.0 = Release|Any CPU
	EndGlobalSection
	GlobalSection(SolutionProperties) = preSolution
		HideSolutionNode = FALSE
	EndGlobalSection
	GlobalSection(ExtensibilityGlobals) = postSolution
		SolutionGuid = {B4DDC369-B615-40BF-AE4B-5E4040FACF88}
	EndGlobalSection
EndGlobal
